
Microsoft Visual Studio Solution File, Format Version 12.00
# Visual Studio Version 17
VisualStudioVersion = 17.14.36616.10 d17.14
MinimumVisualStudioVersion = 10.0.40219.1
Project("{FAE04EC0-301F-11D3-BF4B-00C04F79EFBC}") = "SODV2202_Final", "SODV2202_Final.csproj", "{BAA32844-28CD-49E4-A853-1C88450CAAB5}"
EndProject
Project("{2150E333-8FDC-42A3-9474-1A3956D46DE8}") = "Solution Items", "Solution Items", "{8EC462FD-D22E-90A8-E5CE-7E832BA40C5D}"
	ProjectSection(SolutionItems) = preProject
		..\SODV2202-Final\Logic\ClipboardManager.cs = ..\SODV2202-Final\Logic\ClipboardManager.cs
		..\SODV2202-Final\Logic\PasswordGenerator.cs = ..\SODV2202-Final\Logic\PasswordGenerator.cs
		..\SODV2202-Final\Logic\PasswordStorage.cs = ..\SODV2202-Final\Logic\PasswordStorage.cs
		..\SODV2202-Final\Logic\PasswordStrengthChecker.cs = ..\SODV2202-Final\Logic\PasswordStrengthChecker.cs
		..\SODV2202-Final\Program.cs = ..\SODV2202-Final\Program.cs
		..\SODV2202-Final\Settings.cs = ..\SODV2202-Final\Settings.cs
		..\SODV2202-Final\SODV2202-Final.csproj = ..\SODV2202-Final\SODV2202-Final.csproj
		..\SODV2202-Final\Logic\UserPreferences.cs = ..\SODV2202-Final\Logic\UserPreferences.cs
	EndProjectSection
EndProject
Global
	GlobalSection(SolutionConfigurationPlatforms) = preSolution
		Debug|Any CPU = Debug|Any CPU
		Release|Any CPU = Release|Any CPU
	EndGlobalSection
	GlobalSection(ProjectConfigurationPlatforms) = postSolution
		{BAA32844-28CD-49E4-A853-1C88450CAAB5}.Debug|Any CPU.ActiveCfg = Debug|Any CPU
		{BAA32844-28CD-49E4-A853-1C88450CAAB5}.Debug|Any CPU.Build.0 = Debug|Any CPU
		{BAA32844-28CD-49E4-A853-1C88450CAAB5}.Release|Any CPU.ActiveCfg = Release|Any CPU
		{BAA32844-28CD-49E4-A853-1C88450CAAB5}.Release|Any CPU.Build.0 = Release|Any CPU
	EndGlobalSection
	GlobalSection(SolutionProperties) = preSolution
		HideSolutionNode = FALSE
	EndGlobalSection
	GlobalSection(ExtensibilityGlobals) = postSolution
		SolutionGuid = {BF018756-C372-499F-BF2E-C0DE5FB79CEA}
	EndGlobalSection
EndGlobal
